Microsoft Visual Studio Solution File, Format Version 12.00
# Visual Studio 2012
Project("{FAE04EC0-301F-11D3-BF4B-00C04F79EFBC}") = "Procedural", "Procedural.csproj", "{E242F80C-8ACC-4E94-96E0-27D66CB9665C}"
EndProject
Global
	GlobalSection(SolutionConfigurationPlatforms) = preSolution
	Debug|Any CPU = Debug|Any CPU
	ExportDebug|Any CPU = ExportDebug|Any CPU
	ExportRelease|Any CPU = ExportRelease|Any CPU
	EndGlobalSection
	GlobalSection(ProjectConfigurationPlatforms) = postSolution
		{E242F80C-8ACC-4E94-96E0-27D66CB9665C}.Debug|Any CPU.ActiveCfg = Debug|Any CPU
		{E242F80C-8ACC-4E94-96E0-27D66CB9665C}.Debug|Any CPU.Build.0 = Debug|Any CPU
		{E242F80C-8ACC-4E94-96E0-27D66CB9665C}.ExportDebug|Any CPU.ActiveCfg = ExportDebug|Any CPU
		{E242F80C-8ACC-4E94-96E0-27D66CB9665C}.ExportDebug|Any CPU.Build.0 = ExportDebug|Any CPU
		{E242F80C-8ACC-4E94-96E0-27D66CB9665C}.ExportRelease|Any CPU.ActiveCfg = ExportRelease|Any CPU
		{E242F80C-8ACC-4E94-96E0-27D66CB9665C}.ExportRelease|Any CPU.Build.0 = ExportRelease|Any CPU
	EndGlobalSection
EndGlobal
